PODS:
  - Flutter (1.0.0)
  - geolocator_apple (1.2.0):
    - Flutter
  - integration_test (0.0.1):
    - Flutter
  - ola_maps_flutter_plugin (0.0.1):
    - Flutter

DEPENDENCIES:
  - Flutter (from `Flutter`)
  - geolocator_apple (from `.symlinks/plugins/geolocator_apple/ios`)
  - integration_test (from `.symlinks/plugins/integration_test/ios`)
  - ola_maps_flutter_plugin (from `.symlinks/plugins/ola_maps_flutter_plugin/ios`)

EXTERNAL SOURCES:
  Flutter:
    :path: Flutter
  geolocator_apple:
    :path: ".symlinks/plugins/geolocator_apple/ios"
  integration_test:
    :path: ".symlinks/plugins/integration_test/ios"
  ola_maps_flutter_plugin:
    :path: ".symlinks/plugins/ola_maps_flutter_plugin/ios"

SPEC CHECKSUMS:
  Flutter: e0871f40cf51350855a761d2e70bf5af5b9b5de7
  geolocator_apple: 6cbaf322953988e009e5ecb481f07efece75c450
  integration_test: 252f60fa39af5e17c3aa9899d35d908a0721b573
  ola_maps_flutter_plugin: 7fe700af946fbdb7e4ccb42255dce5279f73c7df

PODFILE CHECKSUM: e6b2dba38535b009131f5756ccb99201c61aab6d

COCOAPODS: 1.13.0
